
Microsoft Visual Studio Solution File, Format Version 12.00
# Visual Studio Version 17
VisualStudioVersion = 17.9.34902.65
MinimumVisualStudioVersion = 10.0.40219.1
Project("{9A19103F-16F7-4668-BE54-9A1E7A4F7556}") = "KoiFarmShop.Domain", "KoiFarmShop.Domain\KoiFarmShop.Domain.csproj", "{CF2D0272-24D2-4CCB-BDF1-0AA068A77CBD}"
EndProject
Project("{9A19103F-16F7-4668-BE54-9A1E7A4F7556}") = "KoiFarmShop.Infrastructure", "KoiFarmShop.Infrastructure\KoiFarmShop.Infrastructure.csproj", "{4FC92EA2-29DA-4051-AF2D-E9AE651BDE06}"
EndProject
Project("{9A19103F-16F7-4668-BE54-9A1E7A4F7556}") = "KoiFarmShop.RazorWebApp", "KoiFarmShop.RazorWebApp\KoiFarmShop.RazorWebApp.csproj", "{FC4AA9E3-B1D3-4BB1-AA23-2C53F4834F14}"
EndProject
Project("{9A19103F-16F7-4668-BE54-9A1E7A4F7556}") = "KoiFarmShop.WPFApp", "KoiFarmShop.WPFApp\KoiFarmShop.WPFApp.csproj", "{1D3A35D7-6660-4558-AAD4-A03ABFC6B13D}"
EndProject
Project("{9A19103F-16F7-4668-BE54-9A1E7A4F7556}") = "KoiFarmShop.Application", "KoiFarmShop.Application\KoiFarmShop.Application.csproj", "{5F0221EB-94AF-4607-A111-18961DDE2900}"
EndProject
Project("{9A19103F-16F7-4668-BE54-9A1E7A4F7556}") = "UDPClientApp", "UDPClientApp\UDPClientApp.csproj", "{E816DD60-C521-4945-A0CC-969C595E9699}"
EndProject
Global
	GlobalSection(SolutionConfigurationPlatforms) = preSolution
		Debug|Any CPU = Debug|Any CPU
		Release|Any CPU = Release|Any CPU
	EndGlobalSection
	GlobalSection(ProjectConfigurationPlatforms) = postSolution
		{CF2D0272-24D2-4CCB-BDF1-0AA068A77CBD}.Debug|Any CPU.ActiveCfg = Debug|Any CPU
		{CF2D0272-24D2-4CCB-BDF1-0AA068A77CBD}.Debug|Any CPU.Build.0 = Debug|Any CPU
		{CF2D0272-24D2-4CCB-BDF1-0AA068A77CBD}.Release|Any CPU.ActiveCfg = Release|Any CPU
		{CF2D0272-24D2-4CCB-BDF1-0AA068A77CBD}.Release|Any CPU.Build.0 = Release|Any CPU
		{4FC92EA2-29DA-4051-AF2D-E9AE651BDE06}.Debug|Any CPU.ActiveCfg = Debug|Any CPU
		{4FC92EA2-29DA-4051-AF2D-E9AE651BDE06}.Debug|Any CPU.Build.0 = Debug|Any CPU
		{4FC92EA2-29DA-4051-AF2D-E9AE651BDE06}.Release|Any CPU.ActiveCfg = Release|Any CPU
		{4FC92EA2-29DA-4051-AF2D-E9AE651BDE06}.Release|Any CPU.Build.0 = Release|Any CPU
		{FC4AA9E3-B1D3-4BB1-AA23-2C53F4834F14}.Debug|Any CPU.ActiveCfg = Debug|Any CPU
		{FC4AA9E3-B1D3-4BB1-AA23-2C53F4834F14}.Debug|Any CPU.Build.0 = Debug|Any CPU
		{FC4AA9E3-B1D3-4BB1-AA23-2C53F4834F14}.Release|Any CPU.ActiveCfg = Release|Any CPU
		{FC4AA9E3-B1D3-4BB1-AA23-2C53F4834F14}.Release|Any CPU.Build.0 = Release|Any CPU
		{1D3A35D7-6660-4558-AAD4-A03ABFC6B13D}.Debug|Any CPU.ActiveCfg = Debug|Any CPU
		{1D3A35D7-6660-4558-AAD4-A03ABFC6B13D}.Debug|Any CPU.Build.0 = Debug|Any CPU
		{1D3A35D7-6660-4558-AAD4-A03ABFC6B13D}.Release|Any CPU.ActiveCfg = Release|Any CPU
		{1D3A35D7-6660-4558-AAD4-A03ABFC6B13D}.Release|Any CPU.Build.0 = Release|Any CPU
		{5F0221EB-94AF-4607-A111-18961DDE2900}.Debug|Any CPU.ActiveCfg = Debug|Any CPU
		{5F0221EB-94AF-4607-A111-18961DDE2900}.Debug|Any CPU.Build.0 = Debug|Any CPU
		{5F0221EB-94AF-4607-A111-18961DDE2900}.Release|Any CPU.ActiveCfg = Release|Any CPU
		{5F0221EB-94AF-4607-A111-18961DDE2900}.Release|Any CPU.Build.0 = Release|Any CPU
		{E816DD60-C521-4945-A0CC-969C595E9699}.Debug|Any CPU.ActiveCfg = Debug|Any CPU
		{E816DD60-C521-4945-A0CC-969C595E9699}.Debug|Any CPU.Build.0 = Debug|Any CPU
		{E816DD60-C521-4945-A0CC-969C595E9699}.Release|Any CPU.ActiveCfg = Release|Any CPU
		{E816DD60-C521-4945-A0CC-969C595E9699}.Release|Any CPU.Build.0 = Release|Any CPU
	EndGlobalSection
	GlobalSection(SolutionProperties) = preSolution
		HideSolutionNode = FALSE
	EndGlobalSection
	GlobalSection(ExtensibilityGlobals) = postSolution
		SolutionGuid = {7C014E0F-1C2D-4D32-B9B7-759EDDB57C8A}
	EndGlobalSection
EndGlobal
